
Microsoft Visual Studio Solution File, Format Version 12.00
# Visual Studio Version 17
VisualStudioVersion = 17.7.34024.191
MinimumVisualStudioVersion = 10.0.40219.1
Project("{FAE04EC0-301F-11D3-BF4B-00C04F79EFBC}") = "christmaspresent", "christmaspresent.csproj", "{7CDA5819-1E13-45F7-8F25-E701015D1243}"
EndProject
Global
	GlobalSection(SolutionConfigurationPlatforms) = preSolution
		Debug|Any CPU = Debug|Any CPU
		Release|Any CPU = Release|Any CPU
	EndGlobalSection
	GlobalSection(ProjectConfigurationPlatforms) = postSolution
		{7CDA5819-1E13-45F7-8F25-E701015D1243}.Debug|Any CPU.ActiveCfg = Debug|Any CPU
		{7CDA5819-1E13-45F7-8F25-E701015D1243}.Debug|Any CPU.Build.0 = Debug|Any CPU
		{7CDA5819-1E13-45F7-8F25-E701015D1243}.Release|Any CPU.ActiveCfg = Release|Any CPU
		{7CDA5819-1E13-45F7-8F25-E701015D1243}.Release|Any CPU.Build.0 = Release|Any CPU
	EndGlobalSection
	GlobalSection(SolutionProperties) = preSolution
		HideSolutionNode = FALSE
	EndGlobalSection
	GlobalSection(ExtensibilityGlobals) = postSolution
		SolutionGuid = {A87DEA64-6A94-4347-8332-664D976C7A4C}
	EndGlobalSection
EndGlobal
